
Microsoft Visual Studio Solution File, Format Version 12.00
# Visual Studio 2012
Project("{2150E333-8FDC-42A3-9474-1A3956D46DE8}") = "Solution Items", "Solution Items", "{D908D48B-BC5A-4693-9A15-0501FF5F56CA}"
	ProjectSection(SolutionItems) = preProject
		LaJustPowerMeter.snk = LaJustPowerMeter.snk
	EndProjectSection
EndProject
Project("{2150E333-8FDC-42A3-9474-1A3956D46DE8}") = "Modules", "Modules", "{2B5D6CDC-ADB3-4E7C-8EB6-DA038A207699}"
EndProject
Project("{2150E333-8FDC-42A3-9474-1A3956D46DE8}") = "Core", "Core", "{BAB2C095-25C0-4375-A3F8-B5CE47AED59E}"
EndProject
Project("{2150E333-8FDC-42A3-9474-1A3956D46DE8}") = "Apps", "Apps", "{ED1BF2FB-9106-4A13-B775-6DC84499FB99}"
EndProject
Project("{FAE04EC0-301F-11D3-BF4B-00C04F79EFBC}") = "Chronograph", "Modules\Chronograph\Chronograph.csproj", "{A18233CC-261B-4107-97F7-61385F750362}"
EndProject
Project("{FAE04EC0-301F-11D3-BF4B-00C04F79EFBC}") = "GameEngine", "Modules\GameEngine\GameEngine.csproj", "{9D860210-3AF4-4869-A8D3-967A4C2C6B08}"
EndProject
Project("{FAE04EC0-301F-11D3-BF4B-00C04F79EFBC}") = "Graphing", "Modules\Graphing\Graphing.csproj", "{2D925EB1-0513-40A5-B18E-2B0F23C8ADC4}"
EndProject
Project("{FAE04EC0-301F-11D3-BF4B-00C04F79EFBC}") = "ImpactMeter", "Modules\ImpactMeter\ImpactMeter.csproj", "{4D82E69E-CD69-44DB-9677-CF10209BE27E}"
EndProject
Project("{FAE04EC0-301F-11D3-BF4B-00C04F79EFBC}") = "MultiMedia", "Modules\MultiMedia\MultiMedia.csproj", "{FFA38BD8-5D2A-4D91-B1E6-BECE13843687}"
EndProject
Project("{FAE04EC0-301F-11D3-BF4B-00C04F79EFBC}") = "Roster", "Modules\Roster\Roster.csproj", "{0791D340-74EA-4B4A-BC71-CE3E259A45D2}"
EndProject
Project("{FAE04EC0-301F-11D3-BF4B-00C04F79EFBC}") = "Infrastructure", "Core\Infrastructure\Infrastructure.csproj", "{ED57F9CD-3DC9-4B01-9903-6C7E15203F87}"
EndProject
Project("{FAE04EC0-301F-11D3-BF4B-00C04F79EFBC}") = "LaJust.EIDSS.Communications", "Core\LaJust.EIDSS.Comm\LaJust.EIDSS.Communications.csproj", "{B8A2F8B2-F109-483C-AE59-2F376BA670DC}"
EndProject
Project("{FAE04EC0-301F-11D3-BF4B-00C04F79EFBC}") = "LaJust.EIDSS.Data", "Core\LaJust.EIDSS.Data\LaJust.EIDSS.Data.csproj", "{75C9D62D-E161-417E-A274-F9EDB2133471}"
EndProject
Project("{FAE04EC0-301F-11D3-BF4B-00C04F79EFBC}") = "Transitionals", "Dependencies\Transitionals\WPF\Framework\Transitionals\Transitionals.csproj", "{FC8A5D35-6B80-4DB1-8DA5-0271677967E3}"
EndProject
Project("{FAE04EC0-301F-11D3-BF4B-00C04F79EFBC}") = "PowerMeterTraining", "Apps\PowerMeterTraining\PowerMeterTraining.csproj", "{DB31B5D3-F451-41B9-A2F3-0CDFC68D1E5B}"
EndProject
Project("{FAE04EC0-301F-11D3-BF4B-00C04F79EFBC}") = "Setup", "Modules\Setup\Setup.csproj", "{17657D99-19D1-46F6-99B0-F62A48AA9D31}"
EndProject
Project("{FAE04EC0-301F-11D3-BF4B-00C04F79EFBC}") = "ExternalDevices", "Modules\ExternalDevices\ExternalDevices.csproj", "{3391F9E9-AC25-4400-B2F3-7D83E37A7025}"
EndProject
Project("{2150E333-8FDC-42A3-9474-1A3956D46DE8}") = "Dependencies", "Dependencies", "{787CCF7F-FE12-4C47-80EE-ACC1D4DD5F5C}"
EndProject
Project("{FAE04EC0-301F-11D3-BF4B-00C04F79EFBC}") = "Network", "Modules\Network\Network.csproj", "{9F01DEA7-B27C-4EEF-94FD-4CA0E222DF00}"
EndProject
Project("{FAE04EC0-301F-11D3-BF4B-00C04F79EFBC}") = "VideoCapture", "Apps\VideoCapture\VideoCapture.csproj", "{1E4F75E2-476C-4D6E-87BF-F545CCF5CE59}"
EndProject
Project("{FAE04EC0-301F-11D3-BF4B-00C04F79EFBC}") = "InterAppComms", "Core\InterAppComms\InterAppComms.csproj", "{496CB352-C564-4A90-AF01-8BB8CED25B39}"
EndProject
Project("{FAE04EC0-301F-11D3-BF4B-00C04F79EFBC}") = "Video", "Modules\Video\Video.csproj", "{977BDC91-FE72-4BB1-B9EA-2F5DA4031AD1}"
EndProject
Global
	GlobalSection(TeamFoundationVersionControl) = preSolution
		SccNumberOfProjects = 18
		SccEnterpriseProvider = {4CA58AB2-18FA-4F8D-95D4-32DDF27D184C}
		SccTeamFoundationServer = https://nrgup.tfspreview.com/defaultcollection
		SccLocalPath0 = .
		SccProjectUniqueName1 = Apps\\PowerMeterTraining\\PowerMeterTraining.csproj
		SccProjectTopLevelParentUniqueName1 = LaJustPowerMeter3.sln
		SccProjectName1 = Apps/PowerMeterTraining
		SccLocalPath1 = Apps\\PowerMeterTraining
		SccProjectUniqueName2 = Apps\\VideoCapture\\VideoCapture.csproj
		SccProjectTopLevelParentUniqueName2 = LaJustPowerMeter3.sln
		SccProjectName2 = Apps/VideoCapture
		SccLocalPath2 = Apps\\VideoCapture
		SccProjectUniqueName3 = Core\\Infrastructure\\Infrastructure.csproj
		SccProjectTopLevelParentUniqueName3 = LaJustPowerMeter3.sln
		SccProjectName3 = Core/Infrastructure
		SccLocalPath3 = Core\\Infrastructure
		SccProjectUniqueName4 = Core\\InterAppComms\\InterAppComms.csproj
		SccProjectTopLevelParentUniqueName4 = LaJustPowerMeter3.sln
		SccProjectName4 = Core/InterAppComms
		SccLocalPath4 = Core\\InterAppComms
		SccProjectUniqueName5 = Core\\LaJust.EIDSS.Comm\\LaJust.EIDSS.Communications.csproj
		SccProjectTopLevelParentUniqueName5 = LaJustPowerMeter3.sln
		SccProjectName5 = Core/LaJust.EIDSS.Comm
		SccLocalPath5 = Core\\LaJust.EIDSS.Comm
		SccProjectUniqueName6 = Core\\LaJust.EIDSS.Data\\LaJust.EIDSS.Data.csproj
		SccProjectTopLevelParentUniqueName6 = LaJustPowerMeter3.sln
		SccProjectName6 = Core/LaJust.EIDSS.Data
		SccLocalPath6 = Core\\LaJust.EIDSS.Data
		SccProjectUniqueName7 = Dependencies\\Transitionals\\WPF\\Framework\\Transitionals\\Transitionals.csproj
		SccProjectTopLevelParentUniqueName7 = LaJustPowerMeter3.sln
		SccProjectName7 = Dependencies/Transitionals/WPF/Framework/Transitionals
		SccLocalPath7 = Dependencies\\Transitionals\\WPF\\Framework\\Transitionals
		SccProjectUniqueName8 = Modules\\Chronograph\\Chronograph.csproj
		SccProjectTopLevelParentUniqueName8 = LaJustPowerMeter3.sln
		SccProjectName8 = Modules/Chronograph
		SccLocalPath8 = Modules\\Chronograph
		SccProjectUniqueName9 = Modules\\ExternalDevices\\ExternalDevices.csproj
		SccProjectTopLevelParentUniqueName9 = LaJustPowerMeter3.sln
		SccProjectName9 = Modules/ExternalDevices
		SccLocalPath9 = Modules\\ExternalDevices
		SccProjectUniqueName10 = Modules\\GameEngine\\GameEngine.csproj
		SccProjectTopLevelParentUniqueName10 = LaJustPowerMeter3.sln
		SccProjectName10 = Modules/GameEngine
		SccLocalPath10 = Modules\\GameEngine
		SccProjectUniqueName11 = Modules\\Graphing\\Graphing.csproj
		SccProjectTopLevelParentUniqueName11 = LaJustPowerMeter3.sln
		SccProjectName11 = Modules/Graphing
		SccLocalPath11 = Modules\\Graphing
		SccProjectUniqueName12 = Modules\\ImpactMeter\\ImpactMeter.csproj
		SccProjectTopLevelParentUniqueName12 = LaJustPowerMeter3.sln
		SccProjectName12 = Modules/ImpactMeter
		SccLocalPath12 = Modules\\ImpactMeter
		SccProjectUniqueName13 = Modules\\MultiMedia\\MultiMedia.csproj
		SccProjectTopLevelParentUniqueName13 = LaJustPowerMeter3.sln
		SccProjectName13 = Modules/MultiMedia
		SccLocalPath13 = Modules\\MultiMedia
		SccProjectUniqueName14 = Modules\\Network\\Network.csproj
		SccProjectTopLevelParentUniqueName14 = LaJustPowerMeter3.sln
		SccProjectName14 = Modules/Network
		SccLocalPath14 = Modules\\Network
		SccProjectUniqueName15 = Modules\\Roster\\Roster.csproj
		SccProjectTopLevelParentUniqueName15 = LaJustPowerMeter3.sln
		SccProjectName15 = Modules/Roster
		SccLocalPath15 = Modules\\Roster
		SccProjectUniqueName16 = Modules\\Setup\\Setup.csproj
		SccProjectTopLevelParentUniqueName16 = LaJustPowerMeter3.sln
		SccProjectName16 = Modules/Setup
		SccLocalPath16 = Modules\\Setup
		SccProjectUniqueName17 = Modules\\Video\\Video.csproj
		SccProjectTopLevelParentUniqueName17 = LaJustPowerMeter3.sln
		SccProjectName17 = Modules/Video
		SccLocalPath17 = Modules\\Video
	EndGlobalSection
	GlobalSection(SolutionConfigurationPlatforms) = preSolution
		Debug|Any CPU = Debug|Any CPU
		Debug|Mixed Platforms = Debug|Mixed Platforms
		Debug|x86 = Debug|x86
		Release with Code Analysis|Any CPU = Release with Code Analysis|Any CPU
		Release with Code Analysis|Mixed Platforms = Release with Code Analysis|Mixed Platforms
		Release with Code Analysis|x86 = Release with Code Analysis|x86
		Release|Any CPU = Release|Any CPU
		Release|Mixed Platforms = Release|Mixed Platforms
		Release|x86 = Release|x86
	EndGlobalSection
	GlobalSection(ProjectConfigurationPlatforms) = postSolution
		{A18233CC-261B-4107-97F7-61385F750362}.Debug|Any CPU.ActiveCfg = Debug|Any CPU
		{A18233CC-261B-4107-97F7-61385F750362}.Debug|Any CPU.Build.0 = Debug|Any CPU
		{A18233CC-261B-4107-97F7-61385F750362}.Debug|Mixed Platforms.ActiveCfg = Debug|Any CPU
		{A18233CC-261B-4107-97F7-61385F750362}.Debug|Mixed Platforms.Build.0 = Debug|Any CPU
		{A18233CC-261B-4107-97F7-61385F750362}.Debug|x86.ActiveCfg = Debug|Any CPU
		{A18233CC-261B-4107-97F7-61385F750362}.Release with Code Analysis|Any CPU.ActiveCfg = Release|Any CPU
		{A18233CC-261B-4107-97F7-61385F750362}.Release with Code Analysis|Any CPU.Build.0 = Release|Any CPU
		{A18233CC-261B-4107-97F7-61385F750362}.Release with Code Analysis|Mixed Platforms.ActiveCfg = Release|Any CPU
		{A18233CC-261B-4107-97F7-61385F750362}.Release with Code Analysis|Mixed Platforms.Build.0 = Release|Any CPU
		{A18233CC-261B-4107-97F7-61385F750362}.Release with Code Analysis|x86.ActiveCfg = Release|Any CPU
		{A18233CC-261B-4107-97F7-61385F750362}.Release|Any CPU.ActiveCfg = Release|Any CPU
		{A18233CC-261B-4107-97F7-61385F750362}.Release|Any CPU.Build.0 = Release|Any CPU
		{A18233CC-261B-4107-97F7-61385F750362}.Release|Mixed Platforms.ActiveCfg = Release|Any CPU
		{A18233CC-261B-4107-97F7-61385F750362}.Release|Mixed Platforms.Build.0 = Release|Any CPU
		{A18233CC-261B-4107-97F7-61385F750362}.Release|x86.ActiveCfg = Release|Any CPU
		{9D860210-3AF4-4869-A8D3-967A4C2C6B08}.Debug|Any CPU.ActiveCfg = Debug|Any CPU
		{9D860210-3AF4-4869-A8D3-967A4C2C6B08}.Debug|Any CPU.Build.0 = Debug|Any CPU
		{9D860210-3AF4-4869-A8D3-967A4C2C6B08}.Debug|Mixed Platforms.ActiveCfg = Debug|Any CPU
		{9D860210-3AF4-4869-A8D3-967A4C2C6B08}.Debug|Mixed Platforms.Build.0 = Debug|Any CPU
		{9D860210-3AF4-4869-A8D3-967A4C2C6B08}.Debug|x86.ActiveCfg = Debug|Any CPU
		{9D860210-3AF4-4869-A8D3-967A4C2C6B08}.Release with Code Analysis|Any CPU.ActiveCfg = Release|Any CPU
		{9D860210-3AF4-4869-A8D3-967A4C2C6B08}.Release with Code Analysis|Any CPU.Build.0 = Release|Any CPU
		{9D860210-3AF4-4869-A8D3-967A4C2C6B08}.Release with Code Analysis|Mixed Platforms.ActiveCfg = Release|Any CPU
		{9D860210-3AF4-4869-A8D3-967A4C2C6B08}.Release with Code Analysis|Mixed Platforms.Build.0 = Release|Any CPU
		{9D860210-3AF4-4869-A8D3-967A4C2C6B08}.Release with Code Analysis|x86.ActiveCfg = Release|Any CPU
		{9D860210-3AF4-4869-A8D3-967A4C2C6B08}.Release|Any CPU.ActiveCfg = Release|Any CPU
		{9D860210-3AF4-4869-A8D3-967A4C2C6B08}.Release|Any CPU.Build.0 = Release|Any CPU
		{9D860210-3AF4-4869-A8D3-967A4C2C6B08}.Release|Mixed Platforms.ActiveCfg = Release|Any CPU
		{9D860210-3AF4-4869-A8D3-967A4C2C6B08}.Release|Mixed Platforms.Build.0 = Release|Any CPU
		{9D860210-3AF4-4869-A8D3-967A4C2C6B08}.Release|x86.ActiveCfg = Release|Any CPU
		{2D925EB1-0513-40A5-B18E-2B0F23C8ADC4}.Debug|Any CPU.ActiveCfg = Debug|Any CPU
		{2D925EB1-0513-40A5-B18E-2B0F23C8ADC4}.Debug|Mixed Platforms.ActiveCfg = Debug|Any CPU
		{2D925EB1-0513-40A5-B18E-2B0F23C8ADC4}.Debug|Mixed Platforms.Build.0 = Debug|Any CPU
		{2D925EB1-0513-40A5-B18E-2B0F23C8ADC4}.Debug|x86.ActiveCfg = Debug|Any CPU
		{2D925EB1-0513-40A5-B18E-2B0F23C8ADC4}.Release with Code Analysis|Any CPU.ActiveCfg = Release|Any CPU
		{2D925EB1-0513-40A5-B18E-2B0F23C8ADC4}.Release with Code Analysis|Any CPU.Build.0 = Release|Any CPU
		{2D925EB1-0513-40A5-B18E-2B0F23C8ADC4}.Release with Code Analysis|Mixed Platforms.ActiveCfg = Release|Any CPU
		{2D925EB1-0513-40A5-B18E-2B0F23C8ADC4}.Release with Code Analysis|Mixed Platforms.Build.0 = Release|Any CPU
		{2D925EB1-0513-40A5-B18E-2B0F23C8ADC4}.Release with Code Analysis|x86.ActiveCfg = Release|Any CPU
		{2D925EB1-0513-40A5-B18E-2B0F23C8ADC4}.Release|Any CPU.ActiveCfg = Release|Any CPU
		{2D925EB1-0513-40A5-B18E-2B0F23C8ADC4}.Release|Any CPU.Build.0 = Release|Any CPU
		{2D925EB1-0513-40A5-B18E-2B0F23C8ADC4}.Release|Mixed Platforms.ActiveCfg = Release|Any CPU
		{2D925EB1-0513-40A5-B18E-2B0F23C8ADC4}.Release|Mixed Platforms.Build.0 = Release|Any CPU
		{2D925EB1-0513-40A5-B18E-2B0F23C8ADC4}.Release|x86.ActiveCfg = Release|Any CPU
		{4D82E69E-CD69-44DB-9677-CF10209BE27E}.Debug|Any CPU.ActiveCfg = Debug|Any CPU
		{4D82E69E-CD69-44DB-9677-CF10209BE27E}.Debug|Any CPU.Build.0 = Debug|Any CPU
		{4D82E69E-CD69-44DB-9677-CF10209BE27E}.Debug|Mixed Platforms.ActiveCfg = Debug|Any CPU
		{4D82E69E-CD69-44DB-9677-CF10209BE27E}.Debug|Mixed Platforms.Build.0 = Debug|Any CPU
		{4D82E69E-CD69-44DB-9677-CF10209BE27E}.Debug|x86.ActiveCfg = Debug|Any CPU
		{4D82E69E-CD69-44DB-9677-CF10209BE27E}.Release with Code Analysis|Any CPU.ActiveCfg = Release|Any CPU
		{4D82E69E-CD69-44DB-9677-CF10209BE27E}.Release with Code Analysis|Any CPU.Build.0 = Release|Any CPU
		{4D82E69E-CD69-44DB-9677-CF10209BE27E}.Release with Code Analysis|Mixed Platforms.ActiveCfg = Release|Any CPU
		{4D82E69E-CD69-44DB-9677-CF10209BE27E}.Release with Code Analysis|Mixed Platforms.Build.0 = Release|Any CPU
		{4D82E69E-CD69-44DB-9677-CF10209BE27E}.Release with Code Analysis|x86.ActiveCfg = Release|Any CPU
		{4D82E69E-CD69-44DB-9677-CF10209BE27E}.Release|Any CPU.ActiveCfg = Release|Any CPU
		{4D82E69E-CD69-44DB-9677-CF10209BE27E}.Release|Any CPU.Build.0 = Release|Any CPU
		{4D82E69E-CD69-44DB-9677-CF10209BE27E}.Release|Mixed Platforms.ActiveCfg = Release|Any CPU
		{4D82E69E-CD69-44DB-9677-CF10209BE27E}.Release|Mixed Platforms.Build.0 = Release|Any CPU
		{4D82E69E-CD69-44DB-9677-CF10209BE27E}.Release|x86.ActiveCfg = Release|Any CPU
		{FFA38BD8-5D2A-4D91-B1E6-BECE13843687}.Debug|Any CPU.ActiveCfg = Debug|Any CPU
		{FFA38BD8-5D2A-4D91-B1E6-BECE13843687}.Debug|Any CPU.Build.0 = Debug|Any CPU
		{FFA38BD8-5D2A-4D91-B1E6-BECE13843687}.Debug|Mixed Platforms.ActiveCfg = Debug|Any CPU
		{FFA38BD8-5D2A-4D91-B1E6-BECE13843687}.Debug|Mixed Platforms.Build.0 = Debug|Any CPU
		{FFA38BD8-5D2A-4D91-B1E6-BECE13843687}.Debug|x86.ActiveCfg = Debug|Any CPU
		{FFA38BD8-5D2A-4D91-B1E6-BECE13843687}.Release with Code Analysis|Any CPU.ActiveCfg = Release|Any CPU
		{FFA38BD8-5D2A-4D91-B1E6-BECE13843687}.Release with Code Analysis|Any CPU.Build.0 = Release|Any CPU
		{FFA38BD8-5D2A-4D91-B1E6-BECE13843687}.Release with Code Analysis|Mixed Platforms.ActiveCfg = Release|Any CPU
		{FFA38BD8-5D2A-4D91-B1E6-BECE13843687}.Release with Code Analysis|Mixed Platforms.Build.0 = Release|Any CPU
		{FFA38BD8-5D2A-4D91-B1E6-BECE13843687}.Release with Code Analysis|x86.ActiveCfg = Release|Any CPU
		{FFA38BD8-5D2A-4D91-B1E6-BECE13843687}.Release|Any CPU.ActiveCfg = Release|Any CPU
		{FFA38BD8-5D2A-4D91-B1E6-BECE13843687}.Release|Any CPU.Build.0 = Release|Any CPU
		{FFA38BD8-5D2A-4D91-B1E6-BECE13843687}.Release|Mixed Platforms.ActiveCfg = Release|Any CPU
		{FFA38BD8-5D2A-4D91-B1E6-BECE13843687}.Release|Mixed Platforms.Build.0 = Release|Any CPU
		{FFA38BD8-5D2A-4D91-B1E6-BECE13843687}.Release|x86.ActiveCfg = Release|Any CPU
		{0791D340-74EA-4B4A-BC71-CE3E259A45D2}.Debug|Any CPU.ActiveCfg = Debug|Any CPU
		{0791D340-74EA-4B4A-BC71-CE3E259A45D2}.Debug|Mixed Platforms.ActiveCfg = Debug|Any CPU
		{0791D340-74EA-4B4A-BC71-CE3E259A45D2}.Debug|Mixed Platforms.Build.0 = Debug|Any CPU
		{0791D340-74EA-4B4A-BC71-CE3E259A45D2}.Debug|x86.ActiveCfg = Debug|Any CPU
		{0791D340-74EA-4B4A-BC71-CE3E259A45D2}.Release with Code Analysis|Any CPU.ActiveCfg = Release|Any CPU
		{0791D340-74EA-4B4A-BC71-CE3E259A45D2}.Release with Code Analysis|Any CPU.Build.0 = Release|Any CPU
		{0791D340-74EA-4B4A-BC71-CE3E259A45D2}.Release with Code Analysis|Mixed Platforms.ActiveCfg = Release|Any CPU
		{0791D340-74EA-4B4A-BC71-CE3E259A45D2}.Release with Code Analysis|Mixed Platforms.Build.0 = Release|Any CPU
		{0791D340-74EA-4B4A-BC71-CE3E259A45D2}.Release with Code Analysis|x86.ActiveCfg = Release|Any CPU
		{0791D340-74EA-4B4A-BC71-CE3E259A45D2}.Release|Any CPU.ActiveCfg = Release|Any CPU
		{0791D340-74EA-4B4A-BC71-CE3E259A45D2}.Release|Any CPU.Build.0 = Release|Any CPU
		{0791D340-74EA-4B4A-BC71-CE3E259A45D2}.Release|Mixed Platforms.ActiveCfg = Release|Any CPU
		{0791D340-74EA-4B4A-BC71-CE3E259A45D2}.Release|Mixed Platforms.Build.0 = Release|Any CPU
		{0791D340-74EA-4B4A-BC71-CE3E259A45D2}.Release|x86.ActiveCfg = Release|Any CPU
		{ED57F9CD-3DC9-4B01-9903-6C7E15203F87}.Debug|Any CPU.ActiveCfg = Debug|Any CPU
		{ED57F9CD-3DC9-4B01-9903-6C7E15203F87}.Debug|Any CPU.Build.0 = Debug|Any CPU
		{ED57F9CD-3DC9-4B01-9903-6C7E15203F87}.Debug|Mixed Platforms.ActiveCfg = Debug|Any CPU
		{ED57F9CD-3DC9-4B01-9903-6C7E15203F87}.Debug|Mixed Platforms.Build.0 = Debug|Any CPU
		{ED57F9CD-3DC9-4B01-9903-6C7E15203F87}.Debug|x86.ActiveCfg = Debug|Any CPU
		{ED57F9CD-3DC9-4B01-9903-6C7E15203F87}.Release with Code Analysis|Any CPU.ActiveCfg = Release|Any CPU
		{ED57F9CD-3DC9-4B01-9903-6C7E15203F87}.Release with Code Analysis|Any CPU.Build.0 = Release|Any CPU
		{ED57F9CD-3DC9-4B01-9903-6C7E15203F87}.Release with Code Analysis|Mixed Platforms.ActiveCfg = Release|Any CPU
		{ED57F9CD-3DC9-4B01-9903-6C7E15203F87}.Release with Code Analysis|Mixed Platforms.Build.0 = Release|Any CPU
		{ED57F9CD-3DC9-4B01-9903-6C7E15203F87}.Release with Code Analysis|x86.ActiveCfg = Release|Any CPU
		{ED57F9CD-3DC9-4B01-9903-6C7E15203F87}.Release|Any CPU.ActiveCfg = Release|Any CPU
		{ED57F9CD-3DC9-4B01-9903-6C7E15203F87}.Release|Any CPU.Build.0 = Release|Any CPU
		{ED57F9CD-3DC9-4B01-9903-6C7E15203F87}.Release|Mixed Platforms.ActiveCfg = Release|Any CPU
		{ED57F9CD-3DC9-4B01-9903-6C7E15203F87}.Release|Mixed Platforms.Build.0 = Release|Any CPU
		{ED57F9CD-3DC9-4B01-9903-6C7E15203F87}.Release|x86.ActiveCfg = Release|Any CPU
		{B8A2F8B2-F109-483C-AE59-2F376BA670DC}.Debug|Any CPU.ActiveCfg = Debug|Any CPU
		{B8A2F8B2-F109-483C-AE59-2F376BA670DC}.Debug|Any CPU.Build.0 = Debug|Any CPU
		{B8A2F8B2-F109-483C-AE59-2F376BA670DC}.Debug|Mixed Platforms.ActiveCfg = Debug|Any CPU
		{B8A2F8B2-F109-483C-AE59-2F376BA670DC}.Debug|Mixed Platforms.Build.0 = Debug|Any CPU
		{B8A2F8B2-F109-483C-AE59-2F376BA670DC}.Debug|x86.ActiveCfg = Debug|Any CPU
		{B8A2F8B2-F109-483C-AE59-2F376BA670DC}.Release with Code Analysis|Any CPU.ActiveCfg = Release|Any CPU
		{B8A2F8B2-F109-483C-AE59-2F376BA670DC}.Release with Code Analysis|Any CPU.Build.0 = Release|Any CPU
		{B8A2F8B2-F109-483C-AE59-2F376BA670DC}.Release with Code Analysis|Mixed Platforms.ActiveCfg = Release|Any CPU
		{B8A2F8B2-F109-483C-AE59-2F376BA670DC}.Release with Code Analysis|Mixed Platforms.Build.0 = Release|Any CPU
		{B8A2F8B2-F109-483C-AE59-2F376BA670DC}.Release with Code Analysis|x86.ActiveCfg = Release|Any CPU
		{B8A2F8B2-F109-483C-AE59-2F376BA670DC}.Release|Any CPU.ActiveCfg = Release|Any CPU
		{B8A2F8B2-F109-483C-AE59-2F376BA670DC}.Release|Any CPU.Build.0 = Release|Any CPU
		{B8A2F8B2-F109-483C-AE59-2F376BA670DC}.Release|Mixed Platforms.ActiveCfg = Release|Any CPU
		{B8A2F8B2-F109-483C-AE59-2F376BA670DC}.Release|Mixed Platforms.Build.0 = Release|Any CPU
		{B8A2F8B2-F109-483C-AE59-2F376BA670DC}.Release|x86.ActiveCfg = Release|Any CPU
		{75C9D62D-E161-417E-A274-F9EDB2133471}.Debug|Any CPU.ActiveCfg = Debug|Any CPU
		{75C9D62D-E161-417E-A274-F9EDB2133471}.Debug|Any CPU.Build.0 = Debug|Any CPU
		{75C9D62D-E161-417E-A274-F9EDB2133471}.Debug|Mixed Platforms.ActiveCfg = Debug|Any CPU
		{75C9D62D-E161-417E-A274-F9EDB2133471}.Debug|Mixed Platforms.Build.0 = Debug|Any CPU
		{75C9D62D-E161-417E-A274-F9EDB2133471}.Debug|x86.ActiveCfg = Debug|Any CPU
		{75C9D62D-E161-417E-A274-F9EDB2133471}.Release with Code Analysis|Any CPU.ActiveCfg = Release|Any CPU
		{75C9D62D-E161-417E-A274-F9EDB2133471}.Release with Code Analysis|Any CPU.Build.0 = Release|Any CPU
		{75C9D62D-E161-417E-A274-F9EDB2133471}.Release with Code Analysis|Mixed Platforms.ActiveCfg = Release|Any CPU
		{75C9D62D-E161-417E-A274-F9EDB2133471}.Release with Code Analysis|Mixed Platforms.Build.0 = Release|Any CPU
		{75C9D62D-E161-417E-A274-F9EDB2133471}.Release with Code Analysis|x86.ActiveCfg = Release|Any CPU
		{75C9D62D-E161-417E-A274-F9EDB2133471}.Release|Any CPU.ActiveCfg = Release|Any CPU
		{75C9D62D-E161-417E-A274-F9EDB2133471}.Release|Any CPU.Build.0 = Release|Any CPU
		{75C9D62D-E161-417E-A274-F9EDB2133471}.Release|Mixed Platforms.ActiveCfg = Release|Any CPU
		{75C9D62D-E161-417E-A274-F9EDB2133471}.Release|Mixed Platforms.Build.0 = Release|Any CPU
		{75C9D62D-E161-417E-A274-F9EDB2133471}.Release|x86.ActiveCfg = Release|Any CPU
		{FC8A5D35-6B80-4DB1-8DA5-0271677967E3}.Debug|Any CPU.ActiveCfg = Debug|Any CPU
		{FC8A5D35-6B80-4DB1-8DA5-0271677967E3}.Debug|Any CPU.Build.0 = Debug|Any CPU
		{FC8A5D35-6B80-4DB1-8DA5-0271677967E3}.Debug|Mixed Platforms.ActiveCfg = Debug|Any CPU
		{FC8A5D35-6B80-4DB1-8DA5-0271677967E3}.Debug|Mixed Platforms.Build.0 = Debug|Any CPU
		{FC8A5D35-6B80-4DB1-8DA5-0271677967E3}.Debug|x86.ActiveCfg = Debug|Any CPU
		{FC8A5D35-6B80-4DB1-8DA5-0271677967E3}.Release with Code Analysis|Any CPU.ActiveCfg = Release|Any CPU
		{FC8A5D35-6B80-4DB1-8DA5-0271677967E3}.Release with Code Analysis|Any CPU.Build.0 = Release|Any CPU
		{FC8A5D35-6B80-4DB1-8DA5-0271677967E3}.Release with Code Analysis|Mixed Platforms.ActiveCfg = Release|Any CPU
		{FC8A5D35-6B80-4DB1-8DA5-0271677967E3}.Release with Code Analysis|Mixed Platforms.Build.0 = Release|Any CPU
		{FC8A5D35-6B80-4DB1-8DA5-0271677967E3}.Release with Code Analysis|x86.ActiveCfg = Release|Any CPU
		{FC8A5D35-6B80-4DB1-8DA5-0271677967E3}.Release|Any CPU.ActiveCfg = Release|Any CPU
		{FC8A5D35-6B80-4DB1-8DA5-0271677967E3}.Release|Any CPU.Build.0 = Release|Any CPU
		{FC8A5D35-6B80-4DB1-8DA5-0271677967E3}.Release|Mixed Platforms.ActiveCfg = Release|Any CPU
		{FC8A5D35-6B80-4DB1-8DA5-0271677967E3}.Release|Mixed Platforms.Build.0 = Release|Any CPU
		{FC8A5D35-6B80-4DB1-8DA5-0271677967E3}.Release|x86.ActiveCfg = Release|Any CPU
		{DB31B5D3-F451-41B9-A2F3-0CDFC68D1E5B}.Debug|Any CPU.ActiveCfg = Debug|Any CPU
		{DB31B5D3-F451-41B9-A2F3-0CDFC68D1E5B}.Debug|Any CPU.Build.0 = Debug|Any CPU
		{DB31B5D3-F451-41B9-A2F3-0CDFC68D1E5B}.Debug|Mixed Platforms.ActiveCfg = Debug|Any CPU
		{DB31B5D3-F451-41B9-A2F3-0CDFC68D1E5B}.Debug|Mixed Platforms.Build.0 = Debug|Any CPU
		{DB31B5D3-F451-41B9-A2F3-0CDFC68D1E5B}.Debug|x86.ActiveCfg = Debug|Any CPU
		{DB31B5D3-F451-41B9-A2F3-0CDFC68D1E5B}.Release with Code Analysis|Any CPU.ActiveCfg = Release|Any CPU
		{DB31B5D3-F451-41B9-A2F3-0CDFC68D1E5B}.Release with Code Analysis|Any CPU.Build.0 = Release|Any CPU
		{DB31B5D3-F451-41B9-A2F3-0CDFC68D1E5B}.Release with Code Analysis|Mixed Platforms.ActiveCfg = Release|Any CPU
		{DB31B5D3-F451-41B9-A2F3-0CDFC68D1E5B}.Release with Code Analysis|Mixed Platforms.Build.0 = Release|Any CPU
		{DB31B5D3-F451-41B9-A2F3-0CDFC68D1E5B}.Release with Code Analysis|x86.ActiveCfg = Release|Any CPU
		{DB31B5D3-F451-41B9-A2F3-0CDFC68D1E5B}.Release|Any CPU.ActiveCfg = Release|Any CPU
		{DB31B5D3-F451-41B9-A2F3-0CDFC68D1E5B}.Release|Any CPU.Build.0 = Release|Any CPU
		{DB31B5D3-F451-41B9-A2F3-0CDFC68D1E5B}.Release|Mixed Platforms.ActiveCfg = Release|Any CPU
		{DB31B5D3-F451-41B9-A2F3-0CDFC68D1E5B}.Release|Mixed Platforms.Build.0 = Release|Any CPU
		{DB31B5D3-F451-41B9-A2F3-0CDFC68D1E5B}.Release|x86.ActiveCfg = Release|Any CPU
		{17657D99-19D1-46F6-99B0-F62A48AA9D31}.Debug|Any CPU.ActiveCfg = Debug|Any CPU
		{17657D99-19D1-46F6-99B0-F62A48AA9D31}.Debug|Mixed Platforms.ActiveCfg = Debug|Any CPU
		{17657D99-19D1-46F6-99B0-F62A48AA9D31}.Debug|x86.ActiveCfg = Debug|Any CPU
		{17657D99-19D1-46F6-99B0-F62A48AA9D31}.Release with Code Analysis|Any CPU.ActiveCfg = Release|Any CPU
		{17657D99-19D1-46F6-99B0-F62A48AA9D31}.Release with Code Analysis|Any CPU.Build.0 = Release|Any CPU
		{17657D99-19D1-46F6-99B0-F62A48AA9D31}.Release with Code Analysis|Mixed Platforms.ActiveCfg = Release|Any CPU
		{17657D99-19D1-46F6-99B0-F62A48AA9D31}.Release with Code Analysis|Mixed Platforms.Build.0 = Release|Any CPU
		{17657D99-19D1-46F6-99B0-F62A48AA9D31}.Release with Code Analysis|x86.ActiveCfg = Release|Any CPU
		{17657D99-19D1-46F6-99B0-F62A48AA9D31}.Release|Any CPU.ActiveCfg = Release|Any CPU
		{17657D99-19D1-46F6-99B0-F62A48AA9D31}.Release|Any CPU.Build.0 = Release|Any CPU
		{17657D99-19D1-46F6-99B0-F62A48AA9D31}.Release|Mixed Platforms.ActiveCfg = Release|Any CPU
		{17657D99-19D1-46F6-99B0-F62A48AA9D31}.Release|Mixed Platforms.Build.0 = Release|Any CPU
		{17657D99-19D1-46F6-99B0-F62A48AA9D31}.Release|x86.ActiveCfg = Release|Any CPU
		{3391F9E9-AC25-4400-B2F3-7D83E37A7025}.Debug|Any CPU.ActiveCfg = Debug|Any CPU
		{3391F9E9-AC25-4400-B2F3-7D83E37A7025}.Debug|Any CPU.Build.0 = Debug|Any CPU
		{3391F9E9-AC25-4400-B2F3-7D83E37A7025}.Debug|Mixed Platforms.ActiveCfg = Debug|Any CPU
		{3391F9E9-AC25-4400-B2F3-7D83E37A7025}.Debug|Mixed Platforms.Build.0 = Debug|Any CPU
		{3391F9E9-AC25-4400-B2F3-7D83E37A7025}.Debug|x86.ActiveCfg = Debug|Any CPU
		{3391F9E9-AC25-4400-B2F3-7D83E37A7025}.Release with Code Analysis|Any CPU.ActiveCfg = Release|Any CPU
		{3391F9E9-AC25-4400-B2F3-7D83E37A7025}.Release with Code Analysis|Any CPU.Build.0 = Release|Any CPU
		{3391F9E9-AC25-4400-B2F3-7D83E37A7025}.Release with Code Analysis|Mixed Platforms.ActiveCfg = Release|Any CPU
		{3391F9E9-AC25-4400-B2F3-7D83E37A7025}.Release with Code Analysis|Mixed Platforms.Build.0 = Release|Any CPU
		{3391F9E9-AC25-4400-B2F3-7D83E37A7025}.Release with Code Analysis|x86.ActiveCfg = Release|Any CPU
		{3391F9E9-AC25-4400-B2F3-7D83E37A7025}.Release|Any CPU.ActiveCfg = Release|Any CPU
		{3391F9E9-AC25-4400-B2F3-7D83E37A7025}.Release|Any CPU.Build.0 = Release|Any CPU
		{3391F9E9-AC25-4400-B2F3-7D83E37A7025}.Release|Mixed Platforms.ActiveCfg = Release|Any CPU
		{3391F9E9-AC25-4400-B2F3-7D83E37A7025}.Release|Mixed Platforms.Build.0 = Release|Any CPU
		{3391F9E9-AC25-4400-B2F3-7D83E37A7025}.Release|x86.ActiveCfg = Release|Any CPU
		{9F01DEA7-B27C-4EEF-94FD-4CA0E222DF00}.Debug|Any CPU.ActiveCfg = Debug|Any CPU
		{9F01DEA7-B27C-4EEF-94FD-4CA0E222DF00}.Debug|Any CPU.Build.0 = Debug|Any CPU
		{9F01DEA7-B27C-4EEF-94FD-4CA0E222DF00}.Debug|Mixed Platforms.ActiveCfg = Debug|Any CPU
		{9F01DEA7-B27C-4EEF-94FD-4CA0E222DF00}.Debug|Mixed Platforms.Build.0 = Debug|Any CPU
		{9F01DEA7-B27C-4EEF-94FD-4CA0E222DF00}.Debug|x86.ActiveCfg = Debug|Any CPU
		{9F01DEA7-B27C-4EEF-94FD-4CA0E222DF00}.Release with Code Analysis|Any CPU.ActiveCfg = Release|Any CPU
		{9F01DEA7-B27C-4EEF-94FD-4CA0E222DF00}.Release with Code Analysis|Any CPU.Build.0 = Release|Any CPU
		{9F01DEA7-B27C-4EEF-94FD-4CA0E222DF00}.Release with Code Analysis|Mixed Platforms.ActiveCfg = Release|Any CPU
		{9F01DEA7-B27C-4EEF-94FD-4CA0E222DF00}.Release with Code Analysis|Mixed Platforms.Build.0 = Release|Any CPU
		{9F01DEA7-B27C-4EEF-94FD-4CA0E222DF00}.Release with Code Analysis|x86.ActiveCfg = Release|Any CPU
		{9F01DEA7-B27C-4EEF-94FD-4CA0E222DF00}.Release|Any CPU.ActiveCfg = Release|Any CPU
		{9F01DEA7-B27C-4EEF-94FD-4CA0E222DF00}.Release|Any CPU.Build.0 = Release|Any CPU
		{9F01DEA7-B27C-4EEF-94FD-4CA0E222DF00}.Release|Mixed Platforms.ActiveCfg = Release|Any CPU
		{9F01DEA7-B27C-4EEF-94FD-4CA0E222DF00}.Release|Mixed Platforms.Build.0 = Release|Any CPU
		{9F01DEA7-B27C-4EEF-94FD-4CA0E222DF00}.Release|x86.ActiveCfg = Release|Any CPU
		{1E4F75E2-476C-4D6E-87BF-F545CCF5CE59}.Debug|Any CPU.ActiveCfg = Debug|Any CPU
		{1E4F75E2-476C-4D6E-87BF-F545CCF5CE59}.Debug|Any CPU.Build.0 = Debug|Any CPU
		{1E4F75E2-476C-4D6E-87BF-F545CCF5CE59}.Debug|Mixed Platforms.ActiveCfg = Debug|Any CPU
		{1E4F75E2-476C-4D6E-87BF-F545CCF5CE59}.Debug|Mixed Platforms.Build.0 = Debug|Any CPU
		{1E4F75E2-476C-4D6E-87BF-F545CCF5CE59}.Debug|x86.ActiveCfg = Debug|Any CPU
		{1E4F75E2-476C-4D6E-87BF-F545CCF5CE59}.Release with Code Analysis|Any CPU.ActiveCfg = Release|Any CPU
		{1E4F75E2-476C-4D6E-87BF-F545CCF5CE59}.Release with Code Analysis|Any CPU.Build.0 = Release|Any CPU
		{1E4F75E2-476C-4D6E-87BF-F545CCF5CE59}.Release with Code Analysis|Mixed Platforms.ActiveCfg = Release|Any CPU
		{1E4F75E2-476C-4D6E-87BF-F545CCF5CE59}.Release with Code Analysis|Mixed Platforms.Build.0 = Release|Any CPU
		{1E4F75E2-476C-4D6E-87BF-F545CCF5CE59}.Release with Code Analysis|x86.ActiveCfg = Release|Any CPU
		{1E4F75E2-476C-4D6E-87BF-F545CCF5CE59}.Release|Any CPU.ActiveCfg = Release|Any CPU
		{1E4F75E2-476C-4D6E-87BF-F545CCF5CE59}.Release|Any CPU.Build.0 = Release|Any CPU
		{1E4F75E2-476C-4D6E-87BF-F545CCF5CE59}.Release|Mixed Platforms.ActiveCfg = Release|Any CPU
		{1E4F75E2-476C-4D6E-87BF-F545CCF5CE59}.Release|Mixed Platforms.Build.0 = Release|Any CPU
		{1E4F75E2-476C-4D6E-87BF-F545CCF5CE59}.Release|x86.ActiveCfg = Release|Any CPU
		{496CB352-C564-4A90-AF01-8BB8CED25B39}.Debug|Any CPU.ActiveCfg = Debug|Any CPU
		{496CB352-C564-4A90-AF01-8BB8CED25B39}.Debug|Any CPU.Build.0 = Debug|Any CPU
		{496CB352-C564-4A90-AF01-8BB8CED25B39}.Debug|Mixed Platforms.ActiveCfg = Debug|Any CPU
		{496CB352-C564-4A90-AF01-8BB8CED25B39}.Debug|Mixed Platforms.Build.0 = Debug|Any CPU
		{496CB352-C564-4A90-AF01-8BB8CED25B39}.Debug|x86.ActiveCfg = Debug|Any CPU
		{496CB352-C564-4A90-AF01-8BB8CED25B39}.Release with Code Analysis|Any CPU.ActiveCfg = Release|Any CPU
		{496CB352-C564-4A90-AF01-8BB8CED25B39}.Release with Code Analysis|Any CPU.Build.0 = Release|Any CPU
		{496CB352-C564-4A90-AF01-8BB8CED25B39}.Release with Code Analysis|Mixed Platforms.ActiveCfg = Release|Any CPU
		{496CB352-C564-4A90-AF01-8BB8CED25B39}.Release with Code Analysis|Mixed Platforms.Build.0 = Release|Any CPU
		{496CB352-C564-4A90-AF01-8BB8CED25B39}.Release with Code Analysis|x86.ActiveCfg = Release|Any CPU
		{496CB352-C564-4A90-AF01-8BB8CED25B39}.Release|Any CPU.ActiveCfg = Release|Any CPU
		{496CB352-C564-4A90-AF01-8BB8CED25B39}.Release|Any CPU.Build.0 = Release|Any CPU
		{496CB352-C564-4A90-AF01-8BB8CED25B39}.Release|Mixed Platforms.ActiveCfg = Release|Any CPU
		{496CB352-C564-4A90-AF01-8BB8CED25B39}.Release|Mixed Platforms.Build.0 = Release|Any CPU
		{496CB352-C564-4A90-AF01-8BB8CED25B39}.Release|x86.ActiveCfg = Release|Any CPU
		{977BDC91-FE72-4BB1-B9EA-2F5DA4031AD1}.Debug|Any CPU.ActiveCfg = Debug|Any CPU
		{977BDC91-FE72-4BB1-B9EA-2F5DA4031AD1}.Debug|Any CPU.Build.0 = Debug|Any CPU
		{977BDC91-FE72-4BB1-B9EA-2F5DA4031AD1}.Debug|Mixed Platforms.ActiveCfg = Debug|Any CPU
		{977BDC91-FE72-4BB1-B9EA-2F5DA4031AD1}.Debug|Mixed Platforms.Build.0 = Debug|Any CPU
		{977BDC91-FE72-4BB1-B9EA-2F5DA4031AD1}.Debug|x86.ActiveCfg = Debug|Any CPU
		{977BDC91-FE72-4BB1-B9EA-2F5DA4031AD1}.Release with Code Analysis|Any CPU.ActiveCfg = Release|Any CPU
		{977BDC91-FE72-4BB1-B9EA-2F5DA4031AD1}.Release with Code Analysis|Any CPU.Build.0 = Release|Any CPU
		{977BDC91-FE72-4BB1-B9EA-2F5DA4031AD1}.Release with Code Analysis|Mixed Platforms.ActiveCfg = Release|Any CPU
		{977BDC91-FE72-4BB1-B9EA-2F5DA4031AD1}.Release with Code Analysis|Mixed Platforms.Build.0 = Release|Any CPU
		{977BDC91-FE72-4BB1-B9EA-2F5DA4031AD1}.Release with Code Analysis|x86.ActiveCfg = Release|Any CPU
		{977BDC91-FE72-4BB1-B9EA-2F5DA4031AD1}.Release|Any CPU.ActiveCfg = Release|Any CPU
		{977BDC91-FE72-4BB1-B9EA-2F5DA4031AD1}.Release|Any CPU.Build.0 = Release|Any CPU
		{977BDC91-FE72-4BB1-B9EA-2F5DA4031AD1}.Release|Mixed Platforms.ActiveCfg = Release|Any CPU
		{977BDC91-FE72-4BB1-B9EA-2F5DA4031AD1}.Release|Mixed Platforms.Build.0 = Release|Any CPU
		{977BDC91-FE72-4BB1-B9EA-2F5DA4031AD1}.Release|x86.ActiveCfg = Release|Any CPU
	EndGlobalSection
	GlobalSection(SolutionProperties) = preSolution
		HideSolutionNode = FALSE
	EndGlobalSection
	GlobalSection(NestedProjects) = preSolution
		{A18233CC-261B-4107-97F7-61385F750362} = {2B5D6CDC-ADB3-4E7C-8EB6-DA038A207699}
		{9D860210-3AF4-4869-A8D3-967A4C2C6B08} = {2B5D6CDC-ADB3-4E7C-8EB6-DA038A207699}
		{2D925EB1-0513-40A5-B18E-2B0F23C8ADC4} = {2B5D6CDC-ADB3-4E7C-8EB6-DA038A207699}
		{4D82E69E-CD69-44DB-9677-CF10209BE27E} = {2B5D6CDC-ADB3-4E7C-8EB6-DA038A207699}
		{FFA38BD8-5D2A-4D91-B1E6-BECE13843687} = {2B5D6CDC-ADB3-4E7C-8EB6-DA038A207699}
		{0791D340-74EA-4B4A-BC71-CE3E259A45D2} = {2B5D6CDC-ADB3-4E7C-8EB6-DA038A207699}
		{17657D99-19D1-46F6-99B0-F62A48AA9D31} = {2B5D6CDC-ADB3-4E7C-8EB6-DA038A207699}
		{3391F9E9-AC25-4400-B2F3-7D83E37A7025} = {2B5D6CDC-ADB3-4E7C-8EB6-DA038A207699}
		{9F01DEA7-B27C-4EEF-94FD-4CA0E222DF00} = {2B5D6CDC-ADB3-4E7C-8EB6-DA038A207699}
		{977BDC91-FE72-4BB1-B9EA-2F5DA4031AD1} = {2B5D6CDC-ADB3-4E7C-8EB6-DA038A207699}
		{ED57F9CD-3DC9-4B01-9903-6C7E15203F87} = {BAB2C095-25C0-4375-A3F8-B5CE47AED59E}
		{496CB352-C564-4A90-AF01-8BB8CED25B39} = {BAB2C095-25C0-4375-A3F8-B5CE47AED59E}
		{DB31B5D3-F451-41B9-A2F3-0CDFC68D1E5B} = {ED1BF2FB-9106-4A13-B775-6DC84499FB99}
		{1E4F75E2-476C-4D6E-87BF-F545CCF5CE59} = {ED1BF2FB-9106-4A13-B775-6DC84499FB99}
		{75C9D62D-E161-417E-A274-F9EDB2133471} = {787CCF7F-FE12-4C47-80EE-ACC1D4DD5F5C}
		{FC8A5D35-6B80-4DB1-8DA5-0271677967E3} = {787CCF7F-FE12-4C47-80EE-ACC1D4DD5F5C}
		{B8A2F8B2-F109-483C-AE59-2F376BA670DC} = {787CCF7F-FE12-4C47-80EE-ACC1D4DD5F5C}
	EndGlobalSection
EndGlobal
